
Microsoft Visual Studio Solution File, Format Version 12.00
# Visual Studio Version 17
VisualStudioVersion = 17.9.34622.214
MinimumVisualStudioVersion = 10.0.40219.1
Project("{FAE04EC0-301F-11D3-BF4B-00C04F79EFBC}") = "OtelRezervasyonSistemi", "OtelRezervasyonSistemi\OtelRezervasyonSistemi.csproj", "{9ADD5CE3-36D9-40F7-92D8-FCEBAD82396C}"
EndProject
Global
	GlobalSection(SolutionConfigurationPlatforms) = preSolution
		Debug|Any CPU = Debug|Any CPU
		Release|Any CPU = Release|Any CPU
	EndGlobalSection
	GlobalSection(ProjectConfigurationPlatforms) = postSolution
		{9ADD5CE3-36D9-40F7-92D8-FCEBAD82396C}.Debug|Any CPU.ActiveCfg = Debug|Any CPU
		{9ADD5CE3-36D9-40F7-92D8-FCEBAD82396C}.Debug|Any CPU.Build.0 = Debug|Any CPU
		{9ADD5CE3-36D9-40F7-92D8-FCEBAD82396C}.Release|Any CPU.ActiveCfg = Release|Any CPU
		{9ADD5CE3-36D9-40F7-92D8-FCEBAD82396C}.Release|Any CPU.Build.0 = Release|Any CPU
	EndGlobalSection
	GlobalSection(SolutionProperties) = preSolution
		HideSolutionNode = FALSE
	EndGlobalSection
	GlobalSection(ExtensibilityGlobals) = postSolution
		SolutionGuid = {405BDDA4-05DD-4A3D-9996-891B6843F87B}
	EndGlobalSection
EndGlobal
